
Microsoft Visual Studio Solution File, Format Version 12.00
# Visual Studio Version 17
VisualStudioVersion = 17.11.35327.3
MinimumVisualStudioVersion = 10.0.40219.1
Project("{9A19103F-16F7-4668-BE54-9A1E7A4F7556}") = "Catalog.API", "Services\Catalog\Catalog.API\Catalog.API.csproj", "{D6FAF1B3-C4CF-4D5D-A49F-FBA2802DFE4C}"
EndProject
Project("{9A19103F-16F7-4668-BE54-9A1E7A4F7556}") = "Basket.API", "Basket.API\Basket.API.csproj", "{E4AA3BC6-5194-4882-A6F6-341286FEFC46}"
EndProject
Project("{E53339B2-1760-4266-BCC7-CA923CBCF16C}") = "docker-compose", "docker-compose.dcproj", "{F4F50412-A62F-491A-9287-7588C8F86921}"
EndProject
Project("{2150E333-8FDC-42A3-9474-1A3956D46DE8}") = "Discount", "Discount", "{524F2509-4DFB-49F8-8C38-D20C9B99444C}"
EndProject
Project("{9A19103F-16F7-4668-BE54-9A1E7A4F7556}") = "Discount.Common", "Services\Discount\Discount.Common\Discount.Common.csproj", "{CB31D361-9F94-449B-85C6-4BACADD0CFA5}"
EndProject
Project("{2150E333-8FDC-42A3-9474-1A3956D46DE8}") = "Basket", "Basket", "{E67F2583-3A2C-4AD3-B128-444F068490D9}"
EndProject
Project("{2150E333-8FDC-42A3-9474-1A3956D46DE8}") = "Catalog", "Catalog", "{40EC9954-4C8D-4F15-9E5E-5DC610F0ED79}"
EndProject
Project("{FAE04EC0-301F-11D3-BF4B-00C04F79EFBC}") = "Discount.API", "Services\Discount\Discount.API\Discount.API.csproj", "{FB391575-AF9C-47D8-9AB6-09F0804C1B2A}"
EndProject
Global
	GlobalSection(SolutionConfigurationPlatforms) = preSolution
		Debug|Any CPU = Debug|Any CPU
		Release|Any CPU = Release|Any CPU
	EndGlobalSection
	GlobalSection(ProjectConfigurationPlatforms) = postSolution
		{D6FAF1B3-C4CF-4D5D-A49F-FBA2802DFE4C}.Debug|Any CPU.ActiveCfg = Debug|Any CPU
		{D6FAF1B3-C4CF-4D5D-A49F-FBA2802DFE4C}.Debug|Any CPU.Build.0 = Debug|Any CPU
		{D6FAF1B3-C4CF-4D5D-A49F-FBA2802DFE4C}.Release|Any CPU.ActiveCfg = Release|Any CPU
		{D6FAF1B3-C4CF-4D5D-A49F-FBA2802DFE4C}.Release|Any CPU.Build.0 = Release|Any CPU
		{E4AA3BC6-5194-4882-A6F6-341286FEFC46}.Debug|Any CPU.ActiveCfg = Debug|Any CPU
		{E4AA3BC6-5194-4882-A6F6-341286FEFC46}.Debug|Any CPU.Build.0 = Debug|Any CPU
		{E4AA3BC6-5194-4882-A6F6-341286FEFC46}.Release|Any CPU.ActiveCfg = Release|Any CPU
		{E4AA3BC6-5194-4882-A6F6-341286FEFC46}.Release|Any CPU.Build.0 = Release|Any CPU
		{F4F50412-A62F-491A-9287-7588C8F86921}.Debug|Any CPU.ActiveCfg = Debug|Any CPU
		{F4F50412-A62F-491A-9287-7588C8F86921}.Debug|Any CPU.Build.0 = Debug|Any CPU
		{F4F50412-A62F-491A-9287-7588C8F86921}.Release|Any CPU.ActiveCfg = Release|Any CPU
		{F4F50412-A62F-491A-9287-7588C8F86921}.Release|Any CPU.Build.0 = Release|Any CPU
		{CB31D361-9F94-449B-85C6-4BACADD0CFA5}.Debug|Any CPU.ActiveCfg = Debug|Any CPU
		{CB31D361-9F94-449B-85C6-4BACADD0CFA5}.Debug|Any CPU.Build.0 = Debug|Any CPU
		{CB31D361-9F94-449B-85C6-4BACADD0CFA5}.Release|Any CPU.ActiveCfg = Release|Any CPU
		{CB31D361-9F94-449B-85C6-4BACADD0CFA5}.Release|Any CPU.Build.0 = Release|Any CPU
		{FB391575-AF9C-47D8-9AB6-09F0804C1B2A}.Debug|Any CPU.ActiveCfg = Debug|Any CPU
		{FB391575-AF9C-47D8-9AB6-09F0804C1B2A}.Debug|Any CPU.Build.0 = Debug|Any CPU
		{FB391575-AF9C-47D8-9AB6-09F0804C1B2A}.Release|Any CPU.ActiveCfg = Release|Any CPU
		{FB391575-AF9C-47D8-9AB6-09F0804C1B2A}.Release|Any CPU.Build.0 = Release|Any CPU
	EndGlobalSection
	GlobalSection(SolutionProperties) = preSolution
		HideSolutionNode = FALSE
	EndGlobalSection
	GlobalSection(NestedProjects) = preSolution
		{D6FAF1B3-C4CF-4D5D-A49F-FBA2802DFE4C} = {40EC9954-4C8D-4F15-9E5E-5DC610F0ED79}
		{E4AA3BC6-5194-4882-A6F6-341286FEFC46} = {E67F2583-3A2C-4AD3-B128-444F068490D9}
		{CB31D361-9F94-449B-85C6-4BACADD0CFA5} = {524F2509-4DFB-49F8-8C38-D20C9B99444C}
		{FB391575-AF9C-47D8-9AB6-09F0804C1B2A} = {524F2509-4DFB-49F8-8C38-D20C9B99444C}
	EndGlobalSection
	GlobalSection(ExtensibilityGlobals) = postSolution
		SolutionGuid = {4DE82A81-7F10-48B0-827D-7A85D453510F}
	EndGlobalSection
EndGlobal
